
Microsoft Visual Studio Solution File, Format Version 12.00
Project("{FAE04EC0-301F-11D3-BF4B-00C04F79EFBC}") = "SystemModelling.Generators", "SystemModelling.Generators\SystemModelling.Generators.csproj", "{552A7220-41AA-4D18-BA1C-96BEE23F882D}"
EndProject
Project("{FAE04EC0-301F-11D3-BF4B-00C04F79EFBC}") = "SystemModelling.SMO", "SystemModelling.SMO\SystemModelling.SMO.csproj", "{C3173507-8935-4B6F-8233-CE25C7F93059}"
EndProject
Project("{FAE04EC0-301F-11D3-BF4B-00C04F79EFBC}") = "SystemModelling.Shared", "SystemModelling.Shared\SystemModelling.Shared.csproj", "{8F887758-01F3-45E0-B468-47F4DC4CD396}"
EndProject
Project("{FAE04EC0-301F-11D3-BF4B-00C04F79EFBC}") = "SystemModelling.ModelWIthItems", "SystemModelling.ModelWIthItems\SystemModelling.ModelWIthItems.csproj", "{4E062BC2-F2CA-456A-A9F0-0B40C804F776}"
EndProject
Project("{FAE04EC0-301F-11D3-BF4B-00C04F79EFBC}") = "SystemModelling.Lab4", "SystemModelling.Lab4\SystemModelling.Lab4.csproj", "{AEE38174-E74F-43AC-A2E6-0C31FEB6BAD9}"
EndProject
Project("{FAE04EC0-301F-11D3-BF4B-00C04F79EFBC}") = "SystemModelling.Lab2", "SystemModelling.Lab2\SystemModelling.Lab2.csproj", "{26CC6DC2-5AB9-45F9-9007-968936E94473}"
EndProject
Global
	GlobalSection(SolutionConfigurationPlatforms) = preSolution
		Debug|Any CPU = Debug|Any CPU
		Release|Any CPU = Release|Any CPU
	EndGlobalSection
	GlobalSection(ProjectConfigurationPlatforms) = postSolution
		{552A7220-41AA-4D18-BA1C-96BEE23F882D}.Debug|Any CPU.ActiveCfg = Debug|Any CPU
		{552A7220-41AA-4D18-BA1C-96BEE23F882D}.Debug|Any CPU.Build.0 = Debug|Any CPU
		{552A7220-41AA-4D18-BA1C-96BEE23F882D}.Release|Any CPU.ActiveCfg = Release|Any CPU
		{552A7220-41AA-4D18-BA1C-96BEE23F882D}.Release|Any CPU.Build.0 = Release|Any CPU
		{C3173507-8935-4B6F-8233-CE25C7F93059}.Debug|Any CPU.ActiveCfg = Debug|Any CPU
		{C3173507-8935-4B6F-8233-CE25C7F93059}.Debug|Any CPU.Build.0 = Debug|Any CPU
		{C3173507-8935-4B6F-8233-CE25C7F93059}.Release|Any CPU.ActiveCfg = Release|Any CPU
		{C3173507-8935-4B6F-8233-CE25C7F93059}.Release|Any CPU.Build.0 = Release|Any CPU
		{8F887758-01F3-45E0-B468-47F4DC4CD396}.Debug|Any CPU.ActiveCfg = Debug|Any CPU
		{8F887758-01F3-45E0-B468-47F4DC4CD396}.Debug|Any CPU.Build.0 = Debug|Any CPU
		{8F887758-01F3-45E0-B468-47F4DC4CD396}.Release|Any CPU.ActiveCfg = Release|Any CPU
		{8F887758-01F3-45E0-B468-47F4DC4CD396}.Release|Any CPU.Build.0 = Release|Any CPU
		{4E062BC2-F2CA-456A-A9F0-0B40C804F776}.Debug|Any CPU.ActiveCfg = Debug|Any CPU
		{4E062BC2-F2CA-456A-A9F0-0B40C804F776}.Debug|Any CPU.Build.0 = Debug|Any CPU
		{4E062BC2-F2CA-456A-A9F0-0B40C804F776}.Release|Any CPU.ActiveCfg = Release|Any CPU
		{4E062BC2-F2CA-456A-A9F0-0B40C804F776}.Release|Any CPU.Build.0 = Release|Any CPU
		{AEE38174-E74F-43AC-A2E6-0C31FEB6BAD9}.Debug|Any CPU.ActiveCfg = Debug|Any CPU
		{AEE38174-E74F-43AC-A2E6-0C31FEB6BAD9}.Debug|Any CPU.Build.0 = Debug|Any CPU
		{AEE38174-E74F-43AC-A2E6-0C31FEB6BAD9}.Release|Any CPU.ActiveCfg = Release|Any CPU
		{AEE38174-E74F-43AC-A2E6-0C31FEB6BAD9}.Release|Any CPU.Build.0 = Release|Any CPU
		{26CC6DC2-5AB9-45F9-9007-968936E94473}.Debug|Any CPU.ActiveCfg = Debug|Any CPU
		{26CC6DC2-5AB9-45F9-9007-968936E94473}.Debug|Any CPU.Build.0 = Debug|Any CPU
		{26CC6DC2-5AB9-45F9-9007-968936E94473}.Release|Any CPU.ActiveCfg = Release|Any CPU
		{26CC6DC2-5AB9-45F9-9007-968936E94473}.Release|Any CPU.Build.0 = Release|Any CPU
	EndGlobalSection
EndGlobal
